
Microsoft Visual Studio Solution File, Format Version 11.00
# Visual C# Express 2010
Project("{FAE04EC0-301F-11D3-BF4B-00C04F79EFBC}") = "install_maker", "install_maker\install_maker.csproj", "{0614DC8E-7F11-4A39-8A50-9E49FE742BA1}"
	ProjectSection(ProjectDependencies) = postProject
		{5699D7D1-6765-4B2E-9231-75DC4EC9F342} = {5699D7D1-6765-4B2E-9231-75DC4EC9F342}
	EndProjectSection
EndProject
Project("{FAE04EC0-301F-11D3-BF4B-00C04F79EFBC}") = "engine.net", "engine.net\engine.net.csproj", "{5699D7D1-6765-4B2E-9231-75DC4EC9F342}"
EndProject
Global
	GlobalSection(SolutionConfigurationPlatforms) = preSolution
		Debug|x86 = Debug|x86
		Release|x86 = Release|x86
	EndGlobalSection
	GlobalSection(ProjectConfigurationPlatforms) = postSolution
		{0614DC8E-7F11-4A39-8A50-9E49FE742BA1}.Debug|x86.ActiveCfg = Debug|x86
		{0614DC8E-7F11-4A39-8A50-9E49FE742BA1}.Debug|x86.Build.0 = Debug|x86
		{0614DC8E-7F11-4A39-8A50-9E49FE742BA1}.Release|x86.ActiveCfg = Release|x86
		{0614DC8E-7F11-4A39-8A50-9E49FE742BA1}.Release|x86.Build.0 = Release|x86
		{5699D7D1-6765-4B2E-9231-75DC4EC9F342}.Debug|x86.ActiveCfg = Debug|x86
		{5699D7D1-6765-4B2E-9231-75DC4EC9F342}.Debug|x86.Build.0 = Debug|x86
		{5699D7D1-6765-4B2E-9231-75DC4EC9F342}.Release|x86.ActiveCfg = Release|x86
		{5699D7D1-6765-4B2E-9231-75DC4EC9F342}.Release|x86.Build.0 = Release|x86
	EndGlobalSection
	GlobalSection(SolutionProperties) = preSolution
		HideSolutionNode = FALSE
	EndGlobalSection
EndGlobal
