<?xml version="1.0" encoding="UTF-8" standalone="yes" ?>
<CodeBlocks_project_file>
	<FileVersion major="1" minor="6" />
	<Project>
		<Option title="utt" />
		<Option compiler="gcc" />
		<Option virtualFolders="Scripts/;" />
		<Build>
			<Target title="Debug">
				<Option output="../bin/utt_d" prefix_auto="1" extension_auto="1" />
				<Option working_dir="../bin" />
				<Option object_output="obj/Debug/" />
				<Option type="1" />
				<Option compiler="gcc" />
				<Compiler>
					<Add option="-Winit-self" />
					<Add option="-Wcast-align" />
					<Add option="-Winline" />
					<Add option="-Wunreachable-code" />
					<Add option="-Wmissing-declarations" />
					<Add option="-Wmissing-include-dirs" />
					<Add option="-Wswitch-default" />
					<Add option="-Wmain" />
					<Add option="-g" />
					<Add option="$(#wx.include)" />
					<Add directory="../." />
				</Compiler>
				<Linker>
					<Add option="$(#wx.aui)" />
					<Add option="$(#wx.lib)" />
				</Linker>
			</Target>
			<Target title="Release">
				<Option output="../bin/utt" prefix_auto="1" extension_auto="1" />
				<Option working_dir="../bin" />
				<Option object_output="obj/Release/" />
				<Option type="0" />
				<Option compiler="gcc" />
				<Compiler>
					<Add option="-O" />
					<Add option="$(#wx.include)" />
					<Add directory="../." />
				</Compiler>
				<Linker>
					<Add option="-s" />
					<Add option="$(#wx.aui)" />
					<Add option="$(#wx.lib)" />
				</Linker>
			</Target>
		</Build>
		<Compiler>
			<Add option="-Wall" />
		</Compiler>
		<Unit filename="../drawpanel.cpp" />
		<Unit filename="../drawpanel.h" />
		<Unit filename="../gui/fonteditimpl.cpp" />
		<Unit filename="../gui/fonteditimpl.h" />
		<Unit filename="../gui/fontsettingsimpl.cpp" />
		<Unit filename="../gui/fontsettingsimpl.h" />
		<Unit filename="../gui/gridhexeditor.cpp" />
		<Unit filename="../gui/gridhexeditor.h" />
		<Unit filename="../gui/lettercodesimpl.cpp" />
		<Unit filename="../gui/lettercodesimpl.h" />
		<Unit filename="../gui/logwindowimpl.cpp" />
		<Unit filename="../gui/logwindowimpl.h" />
		<Unit filename="../gui/mainframeimpl.cpp" />
		<Unit filename="../gui/mainframeimpl.h" />
		<Unit filename="../gui/uttgui.cpp" />
		<Unit filename="../gui/uttgui.fbp" />
		<Unit filename="../gui/uttgui.h" />
		<Unit filename="../pch.h" />
		<Unit filename="../utt.cpp" />
		<Unit filename="../utt.h" />
		<Unit filename="../uttypes.cpp" />
		<Unit filename="../uttypes.h" />
		<Extensions>
			<code_completion />
			<debugger />
		</Extensions>
	</Project>
</CodeBlocks_project_file>
