<?xml version="1.0" encoding="utf-8"?>
<Project ToolsVersion="4.0" xmlns="http://schemas.microsoft.com/developer/msbuild/2003">
  <ItemGroup>
    <Filter Include="Source Files">
      <UniqueIdentifier>{45ebcc8c-6617-48d0-a7bd-7ace7233bcc6}</UniqueIdentifier>
      <Extensions>cpp;c;cxx;rc;def;r;odl;idl;hpj;bat</Extensions>
    </Filter>
    <Filter Include="Header Files">
      <UniqueIdentifier>{05e94c17-d6e9-4e85-ad0f-25fec48d9abc}</UniqueIdentifier>
      <Extensions>h;hpp;hxx;hm;inl</Extensions>
    </Filter>
    <Filter Include="Resource Files">
      <UniqueIdentifier>{ef0428b9-4fb2-4f07-8b45-f8dcd31a1dd8}</UniqueIdentifier>
      <Extensions>ico;cur;bmp;dlg;rc2;rct;bin;rgs;gif;jpg;jpeg;jpe</Extensions>
    </Filter>
  </ItemGroup>
  <ItemGroup>
    <ClCompile Include="BackgroundEnObj.cpp">
      <Filter>Source Files</Filter>
    </ClCompile>
    <ClCompile Include="BackgroundObj.cpp">
      <Filter>Source Files</Filter>
    </ClCompile>
    <ClCompile Include="BMObj.cpp">
      <Filter>Source Files</Filter>
    </ClCompile>
    <ClCompile Include="BMRP.CPP">
      <Filter>Source Files</Filter>
    </ClCompile>
    <ClCompile Include="Chunk.cpp">
      <Filter>Source Files</Filter>
    </ClCompile>
    <ClCompile Include="CLUTEnObj.cpp">
      <Filter>Source Files</Filter>
    </ClCompile>
    <ClCompile Include="CLUTObj.cpp">
      <Filter>Source Files</Filter>
    </ClCompile>
    <ClCompile Include="CMDParser.cpp">
      <Filter>Source Files</Filter>
    </ClCompile>
    <ClCompile Include="CostumeEnObj.cpp">
      <Filter>Source Files</Filter>
    </ClCompile>
    <ClCompile Include="CostumeObj.cpp">
      <Filter>Source Files</Filter>
    </ClCompile>
    <ClCompile Include="Decoder.cpp">
      <Filter>Source Files</Filter>
    </ClCompile>
    <ClCompile Include="Encoder.cpp">
      <Filter>Source Files</Filter>
    </ClCompile>
    <ClCompile Include="EnObj.cpp">
      <Filter>Source Files</Filter>
    </ClCompile>
    <ClCompile Include="ImageCodec.cpp">
      <Filter>Source Files</Filter>
    </ClCompile>
    <ClCompile Include="IMv3EnObj.cpp">
      <Filter>Source Files</Filter>
    </ClCompile>
    <ClCompile Include="IMv3Obj.cpp">
      <Filter>Source Files</Filter>
    </ClCompile>
    <ClCompile Include="Instructions.cpp">
      <Filter>Source Files</Filter>
    </ClCompile>
    <ClCompile Include="Obj.cpp">
      <Filter>Source Files</Filter>
    </ClCompile>
    <ClCompile Include="ObjectEnObj.cpp">
      <Filter>Source Files</Filter>
    </ClCompile>
    <ClCompile Include="ObjectObj.cpp">
      <Filter>Source Files</Filter>
    </ClCompile>
    <ClCompile Include="OIEnObj.cpp">
      <Filter>Source Files</Filter>
    </ClCompile>
    <ClCompile Include="OIObj.cpp">
      <Filter>Source Files</Filter>
    </ClCompile>
    <ClCompile Include="OIv3Obj.cpp">
      <Filter>Source Files</Filter>
    </ClCompile>
    <ClCompile Include="PAEnObj.cpp">
      <Filter>Source Files</Filter>
    </ClCompile>
    <ClCompile Include="PAObj.cpp">
      <Filter>Source Files</Filter>
    </ClCompile>
    <ClCompile Include="StdAfx.cpp">
      <Filter>Source Files</Filter>
    </ClCompile>
  </ItemGroup>
  <ItemGroup>
    <ClInclude Include="BackgroundEnObj.h">
      <Filter>Header Files</Filter>
    </ClInclude>
    <ClInclude Include="BackgroundObj.h">
      <Filter>Header Files</Filter>
    </ClInclude>
    <ClInclude Include="BMObj.h">
      <Filter>Header Files</Filter>
    </ClInclude>
    <ClInclude Include="BMP.h">
      <Filter>Header Files</Filter>
    </ClInclude>
    <ClInclude Include="Chunk.h">
      <Filter>Header Files</Filter>
    </ClInclude>
    <ClInclude Include="CLUTEnObj.h">
      <Filter>Header Files</Filter>
    </ClInclude>
    <ClInclude Include="CLUTObj.h">
      <Filter>Header Files</Filter>
    </ClInclude>
    <ClInclude Include="CMDParser.h">
      <Filter>Header Files</Filter>
    </ClInclude>
    <ClInclude Include="CostumeEnObj.h">
      <Filter>Header Files</Filter>
    </ClInclude>
    <ClInclude Include="CostumeObj.h">
      <Filter>Header Files</Filter>
    </ClInclude>
    <ClInclude Include="Decoder.h">
      <Filter>Header Files</Filter>
    </ClInclude>
    <ClInclude Include="Encoder.h">
      <Filter>Header Files</Filter>
    </ClInclude>
    <ClInclude Include="EnObj.h">
      <Filter>Header Files</Filter>
    </ClInclude>
    <ClInclude Include="ImageCodec.h">
      <Filter>Header Files</Filter>
    </ClInclude>
    <ClInclude Include="IMv3EnObj.h">
      <Filter>Header Files</Filter>
    </ClInclude>
    <ClInclude Include="IMv3Obj.h">
      <Filter>Header Files</Filter>
    </ClInclude>
    <ClInclude Include="Instructions.h">
      <Filter>Header Files</Filter>
    </ClInclude>
    <ClInclude Include="Obj.h">
      <Filter>Header Files</Filter>
    </ClInclude>
    <ClInclude Include="ObjectEnObj.h">
      <Filter>Header Files</Filter>
    </ClInclude>
    <ClInclude Include="ObjectObj.h">
      <Filter>Header Files</Filter>
    </ClInclude>
    <ClInclude Include="OIEnObj.h">
      <Filter>Header Files</Filter>
    </ClInclude>
    <ClInclude Include="OIObj.h">
      <Filter>Header Files</Filter>
    </ClInclude>
    <ClInclude Include="OIv3Obj.h">
      <Filter>Header Files</Filter>
    </ClInclude>
    <ClInclude Include="PAEnObj.h">
      <Filter>Header Files</Filter>
    </ClInclude>
    <ClInclude Include="PAObj.h">
      <Filter>Header Files</Filter>
    </ClInclude>
    <ClInclude Include="StdAfx.h">
      <Filter>Header Files</Filter>
    </ClInclude>
    <ClInclude Include="CAtlArray.h">
      <Filter>Header Files</Filter>
    </ClInclude>
  </ItemGroup>
</Project>